
Microsoft Visual Studio Solution File, Format Version 12.00
# Visual Studio Version 16
VisualStudioVersion = 16.0.29209.62
MinimumVisualStudioVersion = 10.0.40219.1
Project("{9A19103F-16F7-4668-BE54-9A1E7A4F7556}") = "PetShop.Consol", "Consol\PetShop.Consol.csproj", "{0E80C6E4-5D60-40B5-A541-9F7872AF251F}"
EndProject
Project("{9A19103F-16F7-4668-BE54-9A1E7A4F7556}") = "PetShop.Core", "PetShop.Core\PetShop.Core.csproj", "{E285F12A-4120-4920-84E8-06FA0C12AC06}"
EndProject
Project("{9A19103F-16F7-4668-BE54-9A1E7A4F7556}") = "PetShop.Core.Entity", "PetShop.Core.Entity\PetShop.Core.Entity.csproj", "{A4D592BE-FC4C-4A94-81B0-5F7EBCF75AEA}"
EndProject
Project("{9A19103F-16F7-4668-BE54-9A1E7A4F7556}") = "PetShop.InfraStructure.Data", "PetShop.InfraStructure.Data\PetShop.InfraStructure.Data.csproj", "{A1310158-0EE4-4CD7-A880-C8346DE29CBE}"
EndProject
Project("{2150E333-8FDC-42A3-9474-1A3956D46DE8}") = "Core", "Core", "{687A317D-E534-4313-96BE-9534FE82D976}"
EndProject
Project("{2150E333-8FDC-42A3-9474-1A3956D46DE8}") = "InfraStructure", "InfraStructure", "{1B9C9176-CE8D-41A2-A536-C90A50743D81}"
EndProject
Project("{2150E333-8FDC-42A3-9474-1A3956D46DE8}") = "UI", "UI", "{1F87364A-7CF5-4612-A9E8-8FD617B3DAA3}"
EndProject
Project("{9A19103F-16F7-4668-BE54-9A1E7A4F7556}") = "PetShop.RestAPI", "PetShop.RestAPI\PetShop.RestAPI.csproj", "{0265EE0E-7AF7-4041-AC0B-E3E6F7B84E1B}"
EndProject
Project("{9A19103F-16F7-4668-BE54-9A1E7A4F7556}") = "PetShop.Infrastructure.SQL", "PetShop.Infrastructure.SQL\PetShop.Infrastructure.SQL.csproj", "{C12B215E-437A-4153-BD8F-BB64340A0950}"
EndProject
Global
	GlobalSection(SolutionConfigurationPlatforms) = preSolution
		Debug|Any CPU = Debug|Any CPU
		Release|Any CPU = Release|Any CPU
	EndGlobalSection
	GlobalSection(ProjectConfigurationPlatforms) = postSolution
		{0E80C6E4-5D60-40B5-A541-9F7872AF251F}.Debug|Any CPU.ActiveCfg = Debug|Any CPU
		{0E80C6E4-5D60-40B5-A541-9F7872AF251F}.Debug|Any CPU.Build.0 = Debug|Any CPU
		{0E80C6E4-5D60-40B5-A541-9F7872AF251F}.Release|Any CPU.ActiveCfg = Release|Any CPU
		{0E80C6E4-5D60-40B5-A541-9F7872AF251F}.Release|Any CPU.Build.0 = Release|Any CPU
		{E285F12A-4120-4920-84E8-06FA0C12AC06}.Debug|Any CPU.ActiveCfg = Debug|Any CPU
		{E285F12A-4120-4920-84E8-06FA0C12AC06}.Debug|Any CPU.Build.0 = Debug|Any CPU
		{E285F12A-4120-4920-84E8-06FA0C12AC06}.Release|Any CPU.ActiveCfg = Release|Any CPU
		{E285F12A-4120-4920-84E8-06FA0C12AC06}.Release|Any CPU.Build.0 = Release|Any CPU
		{A4D592BE-FC4C-4A94-81B0-5F7EBCF75AEA}.Debug|Any CPU.ActiveCfg = Debug|Any CPU
		{A4D592BE-FC4C-4A94-81B0-5F7EBCF75AEA}.Debug|Any CPU.Build.0 = Debug|Any CPU
		{A4D592BE-FC4C-4A94-81B0-5F7EBCF75AEA}.Release|Any CPU.ActiveCfg = Release|Any CPU
		{A4D592BE-FC4C-4A94-81B0-5F7EBCF75AEA}.Release|Any CPU.Build.0 = Release|Any CPU
		{A1310158-0EE4-4CD7-A880-C8346DE29CBE}.Debug|Any CPU.ActiveCfg = Debug|Any CPU
		{A1310158-0EE4-4CD7-A880-C8346DE29CBE}.Debug|Any CPU.Build.0 = Debug|Any CPU
		{A1310158-0EE4-4CD7-A880-C8346DE29CBE}.Release|Any CPU.ActiveCfg = Release|Any CPU
		{A1310158-0EE4-4CD7-A880-C8346DE29CBE}.Release|Any CPU.Build.0 = Release|Any CPU
		{0265EE0E-7AF7-4041-AC0B-E3E6F7B84E1B}.Debug|Any CPU.ActiveCfg = Debug|Any CPU
		{0265EE0E-7AF7-4041-AC0B-E3E6F7B84E1B}.Debug|Any CPU.Build.0 = Debug|Any CPU
		{0265EE0E-7AF7-4041-AC0B-E3E6F7B84E1B}.Release|Any CPU.ActiveCfg = Release|Any CPU
		{0265EE0E-7AF7-4041-AC0B-E3E6F7B84E1B}.Release|Any CPU.Build.0 = Release|Any CPU
		{C12B215E-437A-4153-BD8F-BB64340A0950}.Debug|Any CPU.ActiveCfg = Debug|Any CPU
		{C12B215E-437A-4153-BD8F-BB64340A0950}.Debug|Any CPU.Build.0 = Debug|Any CPU
		{C12B215E-437A-4153-BD8F-BB64340A0950}.Release|Any CPU.ActiveCfg = Release|Any CPU
		{C12B215E-437A-4153-BD8F-BB64340A0950}.Release|Any CPU.Build.0 = Release|Any CPU
	EndGlobalSection
	GlobalSection(SolutionProperties) = preSolution
		HideSolutionNode = FALSE
	EndGlobalSection
	GlobalSection(NestedProjects) = preSolution
		{0E80C6E4-5D60-40B5-A541-9F7872AF251F} = {1F87364A-7CF5-4612-A9E8-8FD617B3DAA3}
		{E285F12A-4120-4920-84E8-06FA0C12AC06} = {687A317D-E534-4313-96BE-9534FE82D976}
		{A4D592BE-FC4C-4A94-81B0-5F7EBCF75AEA} = {687A317D-E534-4313-96BE-9534FE82D976}
		{A1310158-0EE4-4CD7-A880-C8346DE29CBE} = {1B9C9176-CE8D-41A2-A536-C90A50743D81}
		{0265EE0E-7AF7-4041-AC0B-E3E6F7B84E1B} = {1F87364A-7CF5-4612-A9E8-8FD617B3DAA3}
		{C12B215E-437A-4153-BD8F-BB64340A0950} = {1B9C9176-CE8D-41A2-A536-C90A50743D81}
	EndGlobalSection
	GlobalSection(ExtensibilityGlobals) = postSolution
		SolutionGuid = {34FBC53F-C7EC-41B2-ADE3-303F43C8D8C3}
	EndGlobalSection
EndGlobal
